// !$*UTF8*$!
{
	archiveVersion = 1;
	classes = {
	};
	objectVersion = 50;
	objects = {

/* Begin PBXBuildFile section */
		1A49B5700662CFCE9E2B9FFF /* Pods_FFDB_Demo.framework in Frameworks */ = {isa = PBXBuildFile; fileRef = 9157894F8A20FA616E8BCBFE /* Pods_FFDB_Demo.framework */; };
		4DEED94D6C3729F8DCF7FA9B /* Pods_FFDB_DemoTests.framework in Frameworks */ = {isa = PBXBuildFile; fileRef = 0DF6578FFD932BDB17A91D7D /* Pods_FFDB_DemoTests.framework */; };
		A3C3AACFDC252E0A82D49030 /* Pods_FFDB_DemoUITests.framework in Frameworks */ = {isa = PBXBuildFile; fileRef = 6C0D719C70E617F1CAB8AD0D /* Pods_FFDB_DemoUITests.framework */; };
		D2C0C1BD234C324D009B927F /* AppDelegate.m in Sources */ = {isa = PBXBuildFile; fileRef = D2C0C1BC234C324D009B927F /* AppDelegate.m */; };
		D2C0C1C0234C324D009B927F /* SceneDelegate.m in Sources */ = {isa = PBXBuildFile; fileRef = D2C0C1BF234C324D009B927F /* SceneDelegate.m */; };
		D2C0C1C3234C324D009B927F /* ViewController.m in Sources */ = {isa = PBXBuildFile; fileRef = D2C0C1C2234C324D009B927F /* ViewController.m */; };
		D2C0C1C6234C324D009B927F /* Main.storyboard in Resources */ = {isa = PBXBuildFile; fileRef = D2C0C1C4234C324D009B927F /* Main.storyboard */; };
		D2C0C1C8234C3253009B927F /* Assets.xcassets in Resources */ = {isa = PBXBuildFile; fileRef = D2C0C1C7234C3253009B927F /* Assets.xcassets */; };
		D2C0C1CB234C3253009B927F /* LaunchScreen.storyboard in Resources */ = {isa = PBXBuildFile; fileRef = D2C0C1C9234C3253009B927F /* LaunchScreen.storyboard */; };
		D2C0C1CE234C3253009B927F /* main.m in Sources */ = {isa = PBXBuildFile; fileRef = D2C0C1CD234C3253009B927F /* main.m */; };
		D2C0C1D8234C3253009B927F /* FFDB_DemoTests.m in Sources */ = {isa = PBXBuildFile; fileRef = D2C0C1D7234C3253009B927F /* FFDB_DemoTests.m */; };
		D2C0C1E3234C3253009B927F /* FFDB_DemoUITests.m in Sources */ = {isa = PBXBuildFile; fileRef = D2C0C1E2234C3253009B927F /* FFDB_DemoUITests.m */; };
/* End PBXBuildFile section */

/* Begin PBXContainerItemProxy section */
		D2C0C1D4234C3253009B927F /* PBXContainerItemProxy */ = {
			isa = PBXContainerItemProxy;
			containerPortal = D2C0C1B0234C324C009B927F /* Project object */;
			proxyType = 1;
			remoteGlobalIDString = D2C0C1B7234C324D009B927F;
			remoteInfo = "FFDB-Demo";
		};
		D2C0C1DF234C3253009B927F /* PBXContainerItemProxy */ = {
			isa = PBXContainerItemProxy;
			containerPortal = D2C0C1B0234C324C009B927F /* Project object */;
			proxyType = 1;
			remoteGlobalIDString = D2C0C1B7234C324D009B927F;
			remoteInfo = "FFDB-Demo";
		};
/* End PBXContainerItemProxy section */

/* Begin PBXFileReference section */
		05B6529A0CCB7431DD665E90 /* Pods-FFDB-Demo.debug.xcconfig */ = {isa = PBXFileReference; includeInIndex = 1; lastKnownFileType = text.xcconfig; name = "Pods-FFDB-Demo.debug.xcconfig"; path = "Target Support Files/Pods-FFDB-Demo/Pods-FFDB-Demo.debug.xcconfig"; sourceTree = "<group>"; };
		0DF6578FFD932BDB17A91D7D /* Pods_FFDB_DemoTests.framework */ = {isa = PBXFileReference; explicitFileType = wrapper.framework; includeInIndex = 0; path = Pods_FFDB_DemoTests.framework; sourceTree = BUILT_PRODUCTS_DIR; };
		489B28329D287F63EA79D462 /* Pods-FFDB-Demo.release.xcconfig */ = {isa = PBXFileReference; includeInIndex = 1; lastKnownFileType = text.xcconfig; name = "Pods-FFDB-Demo.release.xcconfig"; path = "Target Support Files/Pods-FFDB-Demo/Pods-FFDB-Demo.release.xcconfig"; sourceTree = "<group>"; };
		6C0D719C70E617F1CAB8AD0D /* Pods_FFDB_DemoUITests.framework */ = {isa = PBXFileReference; explicitFileType = wrapper.framework; includeInIndex = 0; path = Pods_FFDB_DemoUITests.framework; sourceTree = BUILT_PRODUCTS_DIR; };
		6C555CAC87901993F473EEFB /* Pods-FFDB-DemoUITests.release.xcconfig */ = {isa = PBXFileReference; includeInIndex = 1; lastKnownFileType = text.xcconfig; name = "Pods-FFDB-DemoUITests.release.xcconfig"; path = "Target Support Files/Pods-FFDB-DemoUITests/Pods-FFDB-DemoUITests.release.xcconfig"; sourceTree = "<group>"; };
		9157894F8A20FA616E8BCBFE /* Pods_FFDB_Demo.framework */ = {isa = PBXFileReference; explicitFileType = wrapper.framework; includeInIndex = 0; path = Pods_FFDB_Demo.framework; sourceTree = BUILT_PRODUCTS_DIR; };
		C3A061A2D53AB984B9466D68 /* Pods-FFDB-DemoTests.debug.xcconfig */ = {isa = PBXFileReference; includeInIndex = 1; lastKnownFileType = text.xcconfig; name = "Pods-FFDB-DemoTests.debug.xcconfig"; path = "Target Support Files/Pods-FFDB-DemoTests/Pods-FFDB-DemoTests.debug.xcconfig"; sourceTree = "<group>"; };
		CF0E399BCAB70A5067A3B9F9 /* Pods-FFDB-DemoTests.release.xcconfig */ = {isa = PBXFileReference; includeInIndex = 1; lastKnownFileType = text.xcconfig; name = "Pods-FFDB-DemoTests.release.xcconfig"; path = "Target Support Files/Pods-FFDB-DemoTests/Pods-FFDB-DemoTests.release.xcconfig"; sourceTree = "<group>"; };
		D2C0C1B8234C324D009B927F /* FFDB-Demo.app */ = {isa = PBXFileReference; explicitFileType = wrapper.application; includeInIndex = 0; path = "FFDB-Demo.app"; sourceTree = BUILT_PRODUCTS_DIR; };
		D2C0C1BB234C324D009B927F /* AppDelegate.h */ = {isa = PBXFileReference; lastKnownFileType = sourcecode.c.h; path = AppDelegate.h; sourceTree = "<group>"; };
		D2C0C1BC234C324D009B927F /* AppDelegate.m */ = {isa = PBXFileReference; lastKnownFileType = sourcecode.c.objc; path = AppDelegate.m; sourceTree = "<group>"; };
		D2C0C1BE234C324D009B927F /* SceneDelegate.h */ = {isa = PBXFileReference; lastKnownFileType = sourcecode.c.h; path = SceneDelegate.h; sourceTree = "<group>"; };
		D2C0C1BF234C324D009B927F /* SceneDelegate.m */ = {isa = PBXFileReference; lastKnownFileType = sourcecode.c.objc; path = SceneDelegate.m; sourceTree = "<group>"; };
		D2C0C1C1234C324D009B927F /* ViewController.h */ = {isa = PBXFileReference; lastKnownFileType = sourcecode.c.h; path = ViewController.h; sourceTree = "<group>"; };
		D2C0C1C2234C324D009B927F /* ViewController.m */ = {isa = PBXFileReference; lastKnownFileType = sourcecode.c.objc; path = ViewController.m; sourceTree = "<group>"; };
		D2C0C1C5234C324D009B927F /* Base */ = {isa = PBXFileReference; lastKnownFileType = file.storyboard; name = Base; path = Base.lproj/Main.storyboard; sourceTree = "<group>"; };
		D2C0C1C7234C3253009B927F /* Assets.xcassets */ = {isa = PBXFileReference; lastKnownFileType = folder.assetcatalog; path = Assets.xcassets; sourceTree = "<group>"; };
		D2C0C1CA234C3253009B927F /* Base */ = {isa = PBXFileReference; lastKnownFileType = file.storyboard; name = Base; path = Base.lproj/LaunchScreen.storyboard; sourceTree = "<group>"; };
		D2C0C1CC234C3253009B927F /* Info.plist */ = {isa = PBXFileReference; lastKnownFileType = text.plist.xml; path = Info.plist; sourceTree = "<group>"; };
		D2C0C1CD234C3253009B927F /* main.m */ = {isa = PBXFileReference; lastKnownFileType = sourcecode.c.objc; path = main.m; sourceTree = "<group>"; };
		D2C0C1D3234C3253009B927F /* FFDB-DemoTests.xctest */ = {isa = PBXFileReference; explicitFileType = wrapper.cfbundle; includeInIndex = 0; path = "FFDB-DemoTests.xctest"; sourceTree = BUILT_PRODUCTS_DIR; };
		D2C0C1D7234C3253009B927F /* FFDB_DemoTests.m */ = {isa = PBXFileReference; lastKnownFileType = sourcecode.c.objc; path = FFDB_DemoTests.m; sourceTree = "<group>"; };
		D2C0C1D9234C3253009B927F /* Info.plist */ = {isa = PBXFileReference; lastKnownFileType = text.plist.xml; path = Info.plist; sourceTree = "<group>"; };
		D2C0C1DE234C3253009B927F /* FFDB-DemoUITests.xctest */ = {isa = PBXFileReference; explicitFileType = wrapper.cfbundle; includeInIndex = 0; path = "FFDB-DemoUITests.xctest"; sourceTree = BUILT_PRODUCTS_DIR; };
		D2C0C1E2234C3253009B927F /* FFDB_DemoUITests.m */ = {isa = PBXFileReference; lastKnownFileType = sourcecode.c.objc; path = FFDB_DemoUITests.m; sourceTree = "<group>"; };
		D2C0C1E4234C3253009B927F /* Info.plist */ = {isa = PBXFileReference; lastKnownFileType = text.plist.xml; path = Info.plist; sourceTree = "<group>"; };
		E76924E00FE8023B53D780F0 /* Pods-FFDB-DemoUITests.debug.xcconfig */ = {isa = PBXFileReference; includeInIndex = 1; lastKnownFileType = text.xcconfig; name = "Pods-FFDB-DemoUITests.debug.xcconfig"; path = "Target Support Files/Pods-FFDB-DemoUITests/Pods-FFDB-DemoUITests.debug.xcconfig"; sourceTree = "<group>"; };
/* End PBXFileReference section */

/* Begin PBXFrameworksBuildPhase section */
		D2C0C1B5234C324D009B927F /* Frameworks */ = {
			isa = PBXFrameworksBuildPhase;
			buildActionMask = 2147483647;
			files = (
				1A49B5700662CFCE9E2B9FFF /* Pods_FFDB_Demo.framework in Frameworks */,
			);
			runOnlyForDeploymentPostprocessing = 0;
		};
		D2C0C1D0234C3253009B927F /* Frameworks */ = {
			isa = PBXFrameworksBuildPhase;
			buildActionMask = 2147483647;
			files = (
				4DEED94D6C3729F8DCF7FA9B /* Pods_FFDB_DemoTests.framework in Frameworks */,
			);
			runOnlyForDeploymentPostprocessing = 0;
		};
		D2C0C1DB234C3253009B927F /* Frameworks */ = {
			isa = PBXFrameworksBuildPhase;
			buildActionMask = 2147483647;
			files = (
				A3C3AACFDC252E0A82D49030 /* Pods_FFDB_DemoUITests.framework in Frameworks */,
			);
			runOnlyForDeploymentPostprocessing = 0;
		};
/* End PBXFrameworksBuildPhase section */

/* Begin PBXGroup section */
		93874C8870BADF40A3AA61C0 /* Pods */ = {
			isa = PBXGroup;
			children = (
				05B6529A0CCB7431DD665E90 /* Pods-FFDB-Demo.debug.xcconfig */,
				489B28329D287F63EA79D462 /* Pods-FFDB-Demo.release.xcconfig */,
				C3A061A2D53AB984B9466D68 /* Pods-FFDB-DemoTests.debug.xcconfig */,
				CF0E399BCAB70A5067A3B9F9 /* Pods-FFDB-DemoTests.release.xcconfig */,
				E76924E00FE8023B53D780F0 /* Pods-FFDB-DemoUITests.debug.xcconfig */,
				6C555CAC87901993F473EEFB /* Pods-FFDB-DemoUITests.release.xcconfig */,
			);
			name = Pods;
			path = Pods;
			sourceTree = "<group>";
		};
		D2C0C1AF234C324C009B927F = {
			isa = PBXGroup;
			children = (
				D2C0C1BA234C324D009B927F /* FFDB-Demo */,
				D2C0C1D6234C3253009B927F /* FFDB-DemoTests */,
				D2C0C1E1234C3253009B927F /* FFDB-DemoUITests */,
				D2C0C1B9234C324D009B927F /* Products */,
				93874C8870BADF40A3AA61C0 /* Pods */,
				E1AD82437A76749907576383 /* Frameworks */,
			);
			sourceTree = "<group>";
		};
		D2C0C1B9234C324D009B927F /* Products */ = {
			isa = PBXGroup;
			children = (
				D2C0C1B8234C324D009B927F /* FFDB-Demo.app */,
				D2C0C1D3234C3253009B927F /* FFDB-DemoTests.xctest */,
				D2C0C1DE234C3253009B927F /* FFDB-DemoUITests.xctest */,
			);
			name = Products;
			sourceTree = "<group>";
		};
		D2C0C1BA234C324D009B927F /* FFDB-Demo */ = {
			isa = PBXGroup;
			children = (
				D2C0C1BB234C324D009B927F /* AppDelegate.h */,
				D2C0C1BC234C324D009B927F /* AppDelegate.m */,
				D2C0C1BE234C324D009B927F /* SceneDelegate.h */,
				D2C0C1BF234C324D009B927F /* SceneDelegate.m */,
				D2C0C1C1234C324D009B927F /* ViewController.h */,
				D2C0C1C2234C324D009B927F /* ViewController.m */,
				D2C0C1C4234C324D009B927F /* Main.storyboard */,
				D2C0C1C7234C3253009B927F /* Assets.xcassets */,
				D2C0C1C9234C3253009B927F /* LaunchScreen.storyboard */,
				D2C0C1CC234C3253009B927F /* Info.plist */,
				D2C0C1CD234C3253009B927F /* main.m */,
			);
			path = "FFDB-Demo";
			sourceTree = "<group>";
		};
		D2C0C1D6234C3253009B927F /* FFDB-DemoTests */ = {
			isa = PBXGroup;
			children = (
				D2C0C1D7234C3253009B927F /* FFDB_DemoTests.m */,
				D2C0C1D9234C3253009B927F /* Info.plist */,
			);
			path = "FFDB-DemoTests";
			sourceTree = "<group>";
		};
		D2C0C1E1234C3253009B927F /* FFDB-DemoUITests */ = {
			isa = PBXGroup;
			children = (
				D2C0C1E2234C3253009B927F /* FFDB_DemoUITests.m */,
				D2C0C1E4234C3253009B927F /* Info.plist */,
			);
			path = "FFDB-DemoUITests";
			sourceTree = "<group>";
		};
		E1AD82437A76749907576383 /* Frameworks */ = {
			isa = PBXGroup;
			children = (
				9157894F8A20FA616E8BCBFE /* Pods_FFDB_Demo.framework */,
				0DF6578FFD932BDB17A91D7D /* Pods_FFDB_DemoTests.framework */,
				6C0D719C70E617F1CAB8AD0D /* Pods_FFDB_DemoUITests.framework */,
			);
			name = Frameworks;
			sourceTree = "<group>";
		};
/* End PBXGroup section */

/* Begin PBXNativeTarget section */
		D2C0C1B7234C324D009B927F /* FFDB-Demo */ = {
			isa = PBXNativeTarget;
			buildConfigurationList = D2C0C1E7234C3253009B927F /* Build configuration list for PBXNativeTarget "FFDB-Demo" */;
			buildPhases = (
				8D4852D289642B33AB8BC13E /* [CP] Check Pods Manifest.lock */,
				D2C0C1B4234C324D009B927F /* Sources */,
				D2C0C1B5234C324D009B927F /* Frameworks */,
				D2C0C1B6234C324D009B927F /* Resources */,
				0FE9143A437422F7DA331B2A /* [CP] Embed Pods Frameworks */,
			);
			buildRules = (
			);
			dependencies = (
			);
			name = "FFDB-Demo";
			productName = "FFDB-Demo";
			productReference = D2C0C1B8234C324D009B927F /* FFDB-Demo.app */;
			productType = "com.apple.product-type.application";
		};
		D2C0C1D2234C3253009B927F /* FFDB-DemoTests */ = {
			isa = PBXNativeTarget;
			buildConfigurationList = D2C0C1EA234C3253009B927F /* Build configuration list for PBXNativeTarget "FFDB-DemoTests" */;
			buildPhases = (
				EE9DA00F72628F887AB69A0A /* [CP] Check Pods Manifest.lock */,
				D2C0C1CF234C3253009B927F /* Sources */,
				D2C0C1D0234C3253009B927F /* Frameworks */,
				D2C0C1D1234C3253009B927F /* Resources */,
			);
			buildRules = (
			);
			dependencies = (
				D2C0C1D5234C3253009B927F /* PBXTargetDependency */,
			);
			name = "FFDB-DemoTests";
			productName = "FFDB-DemoTests";
			productReference = D2C0C1D3234C3253009B927F /* FFDB-DemoTests.xctest */;
			productType = "com.apple.product-type.bundle.unit-test";
		};
		D2C0C1DD234C3253009B927F /* FFDB-DemoUITests */ = {
			isa = PBXNativeTarget;
			buildConfigurationList = D2C0C1ED234C3253009B927F /* Build configuration list for PBXNativeTarget "FFDB-DemoUITests" */;
			buildPhases = (
				87C9BB5DCEC3F2747C3F477F /* [CP] Check Pods Manifest.lock */,
				D2C0C1DA234C3253009B927F /* Sources */,
				D2C0C1DB234C3253009B927F /* Frameworks */,
				D2C0C1DC234C3253009B927F /* Resources */,
			);
			buildRules = (
			);
			dependencies = (
				D2C0C1E0234C3253009B927F /* PBXTargetDependency */,
			);
			name = "FFDB-DemoUITests";
			productName = "FFDB-DemoUITests";
			productReference = D2C0C1DE234C3253009B927F /* FFDB-DemoUITests.xctest */;
			productType = "com.apple.product-type.bundle.ui-testing";
		};
/* End PBXNativeTarget section */

/* Begin PBXProject section */
		D2C0C1B0234C324C009B927F /* Project object */ = {
			isa = PBXProject;
			attributes = {
				LastUpgradeCheck = 1100;
				ORGANIZATIONNAME = zzzz;
				TargetAttributes = {
					D2C0C1B7234C324D009B927F = {
						CreatedOnToolsVersion = 11.0;
					};
					D2C0C1D2234C3253009B927F = {
						CreatedOnToolsVersion = 11.0;
						TestTargetID = D2C0C1B7234C324D009B927F;
					};
					D2C0C1DD234C3253009B927F = {
						CreatedOnToolsVersion = 11.0;
						TestTargetID = D2C0C1B7234C324D009B927F;
					};
				};
			};
			buildConfigurationList = D2C0C1B3234C324C009B927F /* Build configuration list for PBXProject "FFDB-Demo" */;
			compatibilityVersion = "Xcode 9.3";
			developmentRegion = en;
			hasScannedForEncodings = 0;
			knownRegions = (
				en,
				Base,
			);
			mainGroup = D2C0C1AF234C324C009B927F;
			productRefGroup = D2C0C1B9234C324D009B927F /* Products */;
			projectDirPath = "";
			projectRoot = "";
			targets = (
				D2C0C1B7234C324D009B927F /* FFDB-Demo */,
				D2C0C1D2234C3253009B927F /* FFDB-DemoTests */,
				D2C0C1DD234C3253009B927F /* FFDB-DemoUITests */,
			);
		};
/* End PBXProject section */

/* Begin PBXResourcesBuildPhase section */
		D2C0C1B6234C324D009B927F /* Resources */ = {
			isa = PBXResourcesBuildPhase;
			buildActionMask = 2147483647;
			files = (
				D2C0C1CB234C3253009B927F /* LaunchScreen.storyboard in Resources */,
				D2C0C1C8234C3253009B927F /* Assets.xcassets in Resources */,
				D2C0C1C6234C324D009B927F /* Main.storyboard in Resources */,
			);
			runOnlyForDeploymentPostprocessing = 0;
		};
		D2C0C1D1234C3253009B927F /* Resources */ = {
			isa = PBXResourcesBuildPhase;
			buildActionMask = 2147483647;
			files = (
			);
			runOnlyForDeploymentPostprocessing = 0;
		};
		D2C0C1DC234C3253009B927F /* Resources */ = {
			isa = PBXResourcesBuildPhase;
			buildActionMask = 2147483647;
			files = (
			);
			runOnlyForDeploymentPostprocessing = 0;
		};
/* End PBXResourcesBuildPhase section */

/* Begin PBXShellScriptBuildPhase section */
		0FE9143A437422F7DA331B2A /* [CP] Embed Pods Frameworks */ = {
			isa = PBXShellScriptBuildPhase;
			buildActionMask = 2147483647;
			files = (
			);
			inputFileListPaths = (
				"${PODS_ROOT}/Target Support Files/Pods-FFDB-Demo/Pods-FFDB-Demo-frameworks-${CONFIGURATION}-input-files.xcfilelist",
			);
			name = "[CP] Embed Pods Frameworks";
			outputFileListPaths = (
				"${PODS_ROOT}/Target Support Files/Pods-FFDB-Demo/Pods-FFDB-Demo-frameworks-${CONFIGURATION}-output-files.xcfilelist",
			);
			runOnlyForDeploymentPostprocessing = 0;
			shellPath = /bin/sh;
			shellScript = "\"${PODS_ROOT}/Target Support Files/Pods-FFDB-Demo/Pods-FFDB-Demo-frameworks.sh\"\n";
			showEnvVarsInLog = 0;
		};
		87C9BB5DCEC3F2747C3F477F /* [CP] Check Pods Manifest.lock */ = {
			isa = PBXShellScriptBuildPhase;
			buildActionMask = 2147483647;
			files = (
			);
			inputFileListPaths = (
			);
			inputPaths = (
				"${PODS_PODFILE_DIR_PATH}/Podfile.lock",
				"${PODS_ROOT}/Manifest.lock",
			);
			name = "[CP] Check Pods Manifest.lock";
			outputFileListPaths = (
			);
			outputPaths = (
				"$(DERIVED_FILE_DIR)/Pods-FFDB-DemoUITests-checkManifestLockResult.txt",
			);
			runOnlyForDeploymentPostprocessing = 0;
			shellPath = /bin/sh;
			shellScript = "diff \"${PODS_PODFILE_DIR_PATH}/Podfile.lock\" \"${PODS_ROOT}/Manifest.lock\" > /dev/null\nif [ $? != 0 ] ; then\n    # print error to STDERR\n    echo \"error: The sandbox is not in sync with the Podfile.lock. Run 'pod install' or update your CocoaPods installation.\" >&2\n    exit 1\nfi\n# This output is used by Xcode 'outputs' to avoid re-running this script phase.\necho \"SUCCESS\" > \"${SCRIPT_OUTPUT_FILE_0}\"\n";
			showEnvVarsInLog = 0;
		};
		8D4852D289642B33AB8BC13E /* [CP] Check Pods Manifest.lock */ = {
			isa = PBXShellScriptBuildPhase;
			buildActionMask = 2147483647;
			files = (
			);
			inputFileListPaths = (
			);
			inputPaths = (
				"${PODS_PODFILE_DIR_PATH}/Podfile.lock",
				"${PODS_ROOT}/Manifest.lock",
			);
			name = "[CP] Check Pods Manifest.lock";
			outputFileListPaths = (
			);
			outputPaths = (
				"$(DERIVED_FILE_DIR)/Pods-FFDB-Demo-checkManifestLockResult.txt",
			);
			runOnlyForDeploymentPostprocessing = 0;
			shellPath = /bin/sh;
			shellScript = "diff \"${PODS_PODFILE_DIR_PATH}/Podfile.lock\" \"${PODS_ROOT}/Manifest.lock\" > /dev/null\nif [ $? != 0 ] ; then\n    # print error to STDERR\n    echo \"error: The sandbox is not in sync with the Podfile.lock. Run 'pod install' or update your CocoaPods installation.\" >&2\n    exit 1\nfi\n# This output is used by Xcode 'outputs' to avoid re-running this script phase.\necho \"SUCCESS\" > \"${SCRIPT_OUTPUT_FILE_0}\"\n";
			showEnvVarsInLog = 0;
		};
		EE9DA00F72628F887AB69A0A /* [CP] Check Pods Manifest.lock */ = {
			isa = PBXShellScriptBuildPhase;
			buildActionMask = 2147483647;
			files = (
			);
			inputFileListPaths = (
			);
			inputPaths = (
				"${PODS_PODFILE_DIR_PATH}/Podfile.lock",
				"${PODS_ROOT}/Manifest.lock",
			);
			name = "[CP] Check Pods Manifest.lock";
			outputFileListPaths = (
			);
			outputPaths = (
				"$(DERIVED_FILE_DIR)/Pods-FFDB-DemoTests-checkManifestLockResult.txt",
			);
			runOnlyForDeploymentPostprocessing = 0;
			shellPath = /bin/sh;
			shellScript = "diff \"${PODS_PODFILE_DIR_PATH}/Podfile.lock\" \"${PODS_ROOT}/Manifest.lock\" > /dev/null\nif [ $? != 0 ] ; then\n    # print error to STDERR\n    echo \"error: The sandbox is not in sync with the Podfile.lock. Run 'pod install' or update your CocoaPods installation.\" >&2\n    exit 1\nfi\n# This output is used by Xcode 'outputs' to avoid re-running this script phase.\necho \"SUCCESS\" > \"${SCRIPT_OUTPUT_FILE_0}\"\n";
			showEnvVarsInLog = 0;
		};
/* End PBXShellScriptBuildPhase section */

/* Begin PBXSourcesBuildPhase section */
		D2C0C1B4234C324D009B927F /* Sources */ = {
			isa = PBXSourcesBuildPhase;
			buildActionMask = 2147483647;
			files = (
				D2C0C1C3234C324D009B927F /* ViewController.m in Sources */,
				D2C0C1BD234C324D009B927F /* AppDelegate.m in Sources */,
				D2C0C1CE234C3253009B927F /* main.m in Sources */,
				D2C0C1C0234C324D009B927F /* SceneDelegate.m in Sources */,
			);
			runOnlyForDeploymentPostprocessing = 0;
		};
		D2C0C1CF234C3253009B927F /* Sources */ = {
			isa = PBXSourcesBuildPhase;
			buildActionMask = 2147483647;
			files = (
				D2C0C1D8234C3253009B927F /* FFDB_DemoTests.m in Sources */,
			);
			runOnlyForDeploymentPostprocessing = 0;
		};
		D2C0C1DA234C3253009B927F /* Sources */ = {
			isa = PBXSourcesBuildPhase;
			buildActionMask = 2147483647;
			files = (
				D2C0C1E3234C3253009B927F /* FFDB_DemoUITests.m in Sources */,
			);
			runOnlyForDeploymentPostprocessing = 0;
		};
/* End PBXSourcesBuildPhase section */

/* Begin PBXTargetDependency section */
		D2C0C1D5234C3253009B927F /* PBXTargetDependency */ = {
			isa = PBXTargetDependency;
			target = D2C0C1B7234C324D009B927F /* FFDB-Demo */;
			targetProxy = D2C0C1D4234C3253009B927F /* PBXContainerItemProxy */;
		};
		D2C0C1E0234C3253009B927F /* PBXTargetDependency */ = {
			isa = PBXTargetDependency;
			target = D2C0C1B7234C324D009B927F /* FFDB-Demo */;
			targetProxy = D2C0C1DF234C3253009B927F /* PBXContainerItemProxy */;
		};
/* End PBXTargetDependency section */

/* Begin PBXVariantGroup section */
		D2C0C1C4234C324D009B927F /* Main.storyboard */ = {
			isa = PBXVariantGroup;
			children = (
				D2C0C1C5234C324D009B927F /* Base */,
			);
			name = Main.storyboard;
			sourceTree = "<group>";
		};
		D2C0C1C9234C3253009B927F /* LaunchScreen.storyboard */ = {
			isa = PBXVariantGroup;
			children = (
				D2C0C1CA234C3253009B927F /* Base */,
			);
			name = LaunchScreen.storyboard;
			sourceTree = "<group>";
		};
/* End PBXVariantGroup section */

/* Begin XCBuildConfiguration section */
		D2C0C1E5234C3253009B927F /* Debug */ = {
			isa = XCBuildConfiguration;
			buildSettings = {
				ALWAYS_SEARCH_USER_PATHS = NO;
				CLANG_ANALYZER_NONNULL = YES;
				CLANG_ANALYZER_NUMBER_OBJECT_CONVERSION = YES_AGGRESSIVE;
				CLANG_CXX_LANGUAGE_STANDARD = "gnu++14";
				CLANG_CXX_LIBRARY = "libc++";
				CLANG_ENABLE_MODULES = YES;
				CLANG_ENABLE_OBJC_ARC = YES;
				CLANG_ENABLE_OBJC_WEAK = YES;
				CLANG_WARN_BLOCK_CAPTURE_AUTORELEASING = YES;
				CLANG_WARN_BOOL_CONVERSION = YES;
				CLANG_WARN_COMMA = YES;
				CLANG_WARN_CONSTANT_CONVERSION = YES;
				CLANG_WARN_DEPRECATED_OBJC_IMPLEMENTATIONS = YES;
				CLANG_WARN_DIRECT_OBJC_ISA_USAGE = YES_ERROR;
				CLANG_WARN_DOCUMENTATION_COMMENTS = YES;
				CLANG_WARN_EMPTY_BODY = YES;
				CLANG_WARN_ENUM_CONVERSION = YES;
				CLANG_WARN_INFINITE_RECURSION = YES;
				CLANG_WARN_INT_CONVERSION = YES;
				CLANG_WARN_NON_LITERAL_NULL_CONVERSION = YES;
				CLANG_WARN_OBJC_IMPLICIT_RETAIN_SELF = YES;
				CLANG_WARN_OBJC_LITERAL_CONVERSION = YES;
				CLANG_WARN_OBJC_ROOT_CLASS = YES_ERROR;
				CLANG_WARN_RANGE_LOOP_ANALYSIS = YES;
				CLANG_WARN_STRICT_PROTOTYPES = YES;
				CLANG_WARN_SUSPICIOUS_MOVE = YES;
				CLANG_WARN_UNGUARDED_AVAILABILITY = YES_AGGRESSIVE;
				CLANG_WARN_UNREACHABLE_CODE = YES;
				CLANG_WARN__DUPLICATE_METHOD_MATCH = YES;
				COPY_PHASE_STRIP = NO;
				DEBUG_INFORMATION_FORMAT = dwarf;
				ENABLE_STRICT_OBJC_MSGSEND = YES;
				ENABLE_TESTABILITY = YES;
				GCC_C_LANGUAGE_STANDARD = gnu11;
				GCC_DYNAMIC_NO_PIC = NO;
				GCC_NO_COMMON_BLOCKS = YES;
				GCC_OPTIMIZATION_LEVEL = 0;
				GCC_PREPROCESSOR_DEFINITIONS = (
					"DEBUG=1",
					"$(inherited)",
				);
				GCC_WARN_64_TO_32_BIT_CONVERSION = YES;
				GCC_WARN_ABOUT_RETURN_TYPE = YES_ERROR;
				GCC_WARN_UNDECLARED_SELECTOR = YES;
				GCC_WARN_UNINITIALIZED_AUTOS = YES_AGGRESSIVE;
				GCC_WARN_UNUSED_FUNCTION = YES;
				GCC_WARN_UNUSED_VARIABLE = YES;
				IPHONEOS_DEPLOYMENT_TARGET = 13.0;
				MTL_ENABLE_DEBUG_INFO = INCLUDE_SOURCE;
				MTL_FAST_MATH = YES;
				ONLY_ACTIVE_ARCH = YES;
				SDKROOT = iphoneos;
			};
			name = Debug;
		};
		D2C0C1E6234C3253009B927F /* Release */ = {
			isa = XCBuildConfiguration;
			buildSettings = {
				ALWAYS_SEARCH_USER_PATHS = NO;
				CLANG_ANALYZER_NONNULL = YES;
				CLANG_ANALYZER_NUMBER_OBJECT_CONVERSION = YES_AGGRESSIVE;
				CLANG_CXX_LANGUAGE_STANDARD = "gnu++14";
				CLANG_CXX_LIBRARY = "libc++";
				CLANG_ENABLE_MODULES = YES;
				CLANG_ENABLE_OBJC_ARC = YES;
				CLANG_ENABLE_OBJC_WEAK = YES;
				CLANG_WARN_BLOCK_CAPTURE_AUTORELEASING = YES;
				CLANG_WARN_BOOL_CONVERSION = YES;
				CLANG_WARN_COMMA = YES;
				CLANG_WARN_CONSTANT_CONVERSION = YES;
				CLANG_WARN_DEPRECATED_OBJC_IMPLEMENTATIONS = YES;
				CLANG_WARN_DIRECT_OBJC_ISA_USAGE = YES_ERROR;
				CLANG_WARN_DOCUMENTATION_COMMENTS = YES;
				CLANG_WARN_EMPTY_BODY = YES;
				CLANG_WARN_ENUM_CONVERSION = YES;
				CLANG_WARN_INFINITE_RECURSION = YES;
				CLANG_WARN_INT_CONVERSION = YES;
				CLANG_WARN_NON_LITERAL_NULL_CONVERSION = YES;
				CLANG_WARN_OBJC_IMPLICIT_RETAIN_SELF = YES;
				CLANG_WARN_OBJC_LITERAL_CONVERSION = YES;
				CLANG_WARN_OBJC_ROOT_CLASS = YES_ERROR;
				CLANG_WARN_RANGE_LOOP_ANALYSIS = YES;
				CLANG_WARN_STRICT_PROTOTYPES = YES;
				CLANG_WARN_SUSPICIOUS_MOVE = YES;
				CLANG_WARN_UNGUARDED_AVAILABILITY = YES_AGGRESSIVE;
				CLANG_WARN_UNREACHABLE_CODE = YES;
				CLANG_WARN__DUPLICATE_METHOD_MATCH = YES;
				COPY_PHASE_STRIP = NO;
				DEBUG_INFORMATION_FORMAT = "dwarf-with-dsym";
				ENABLE_NS_ASSERTIONS = NO;
				ENABLE_STRICT_OBJC_MSGSEND = YES;
				GCC_C_LANGUAGE_STANDARD = gnu11;
				GCC_NO_COMMON_BLOCKS = YES;
				GCC_WARN_64_TO_32_BIT_CONVERSION = YES;
				GCC_WARN_ABOUT_RETURN_TYPE = YES_ERROR;
				GCC_WARN_UNDECLARED_SELECTOR = YES;
				GCC_WARN_UNINITIALIZED_AUTOS = YES_AGGRESSIVE;
				GCC_WARN_UNUSED_FUNCTION = YES;
				GCC_WARN_UNUSED_VARIABLE = YES;
				IPHONEOS_DEPLOYMENT_TARGET = 13.0;
				MTL_ENABLE_DEBUG_INFO = NO;
				MTL_FAST_MATH = YES;
				SDKROOT = iphoneos;
				VALIDATE_PRODUCT = YES;
			};
			name = Release;
		};
		D2C0C1E8234C3253009B927F /* Debug */ = {
			isa = XCBuildConfiguration;
			baseConfigurationReference = 05B6529A0CCB7431DD665E90 /* Pods-FFDB-Demo.debug.xcconfig */;
			buildSettings = {
				ASSETCATALOG_COMPILER_APPICON_NAME = AppIcon;
				CODE_SIGN_STYLE = Automatic;
				INFOPLIST_FILE = "FFDB-Demo/Info.plist";
				LD_RUNPATH_SEARCH_PATHS = (
					"$(inherited)",
					"@executable_path/Frameworks",
				);
				PRODUCT_BUNDLE_IDENTIFIER = "zzzz.FFDB-Demo";
				PRODUCT_NAME = "$(TARGET_NAME)";
				TARGETED_DEVICE_FAMILY = "1,2";
			};
			name = Debug;
		};
		D2C0C1E9234C3253009B927F /* Release */ = {
			isa = XCBuildConfiguration;
			baseConfigurationReference = 489B28329D287F63EA79D462 /* Pods-FFDB-Demo.release.xcconfig */;
			buildSettings = {
				ASSETCATALOG_COMPILER_APPICON_NAME = AppIcon;
				CODE_SIGN_STYLE = Automatic;
				INFOPLIST_FILE = "FFDB-Demo/Info.plist";
				LD_RUNPATH_SEARCH_PATHS = (
					"$(inherited)",
					"@executable_path/Frameworks",
				);
				PRODUCT_BUNDLE_IDENTIFIER = "zzzz.FFDB-Demo";
				PRODUCT_NAME = "$(TARGET_NAME)";
				TARGETED_DEVICE_FAMILY = "1,2";
			};
			name = Release;
		};
		D2C0C1EB234C3253009B927F /* Debug */ = {
			isa = XCBuildConfiguration;
			baseConfigurationReference = C3A061A2D53AB984B9466D68 /* Pods-FFDB-DemoTests.debug.xcconfig */;
			buildSettings = {
				BUNDLE_LOADER = "$(TEST_HOST)";
				CODE_SIGN_STYLE = Automatic;
				INFOPLIST_FILE = "FFDB-DemoTests/Info.plist";
				IPHONEOS_DEPLOYMENT_TARGET = 13.0;
				LD_RUNPATH_SEARCH_PATHS = (
					"$(inherited)",
					"@executable_path/Frameworks",
					"@loader_path/Frameworks",
				);
				PRODUCT_BUNDLE_IDENTIFIER = "zzzz.FFDB-DemoTests";
				PRODUCT_NAME = "$(TARGET_NAME)";
				TARGETED_DEVICE_FAMILY = "1,2";
				TEST_HOST = "$(BUILT_PRODUCTS_DIR)/FFDB-Demo.app/FFDB-Demo";
			};
			name = Debug;
		};
		D2C0C1EC234C3253009B927F /* Release */ = {
			isa = XCBuildConfiguration;
			baseConfigurationReference = CF0E399BCAB70A5067A3B9F9 /* Pods-FFDB-DemoTests.release.xcconfig */;
			buildSettings = {
				BUNDLE_LOADER = "$(TEST_HOST)";
				CODE_SIGN_STYLE = Automatic;
				INFOPLIST_FILE = "FFDB-DemoTests/Info.plist";
				IPHONEOS_DEPLOYMENT_TARGET = 13.0;
				LD_RUNPATH_SEARCH_PATHS = (
					"$(inherited)",
					"@executable_path/Frameworks",
					"@loader_path/Frameworks",
				);
				PRODUCT_BUNDLE_IDENTIFIER = "zzzz.FFDB-DemoTests";
				PRODUCT_NAME = "$(TARGET_NAME)";
				TARGETED_DEVICE_FAMILY = "1,2";
				TEST_HOST = "$(BUILT_PRODUCTS_DIR)/FFDB-Demo.app/FFDB-Demo";
			};
			name = Release;
		};
		D2C0C1EE234C3253009B927F /* Debug */ = {
			isa = XCBuildConfiguration;
			baseConfigurationReference = E76924E00FE8023B53D780F0 /* Pods-FFDB-DemoUITests.debug.xcconfig */;
			buildSettings = {
				CODE_SIGN_STYLE = Automatic;
				INFOPLIST_FILE = "FFDB-DemoUITests/Info.plist";
				LD_RUNPATH_SEARCH_PATHS = (
					"$(inherited)",
					"@executable_path/Frameworks",
					"@loader_path/Frameworks",
				);
				PRODUCT_BUNDLE_IDENTIFIER = "zzzz.FFDB-DemoUITests";
				PRODUCT_NAME = "$(TARGET_NAME)";
				TARGETED_DEVICE_FAMILY = "1,2";
				TEST_TARGET_NAME = "FFDB-Demo";
			};
			name = Debug;
		};
		D2C0C1EF234C3253009B927F /* Release */ = {
			isa = XCBuildConfiguration;
			baseConfigurationReference = 6C555CAC87901993F473EEFB /* Pods-FFDB-DemoUITests.release.xcconfig */;
			buildSettings = {
				CODE_SIGN_STYLE = Automatic;
				INFOPLIST_FILE = "FFDB-DemoUITests/Info.plist";
				LD_RUNPATH_SEARCH_PATHS = (
					"$(inherited)",
					"@executable_path/Frameworks",
					"@loader_path/Frameworks",
				);
				PRODUCT_BUNDLE_IDENTIFIER = "zzzz.FFDB-DemoUITests";
				PRODUCT_NAME = "$(TARGET_NAME)";
				TARGETED_DEVICE_FAMILY = "1,2";
				TEST_TARGET_NAME = "FFDB-Demo";
			};
			name = Release;
		};
/* End XCBuildConfiguration section */

/* Begin XCConfigurationList section */
		D2C0C1B3234C324C009B927F /* Build configuration list for PBXProject "FFDB-Demo" */ = {
			isa = XCConfigurationList;
			buildConfigurations = (
				D2C0C1E5234C3253009B927F /* Debug */,
				D2C0C1E6234C3253009B927F /* Release */,
			);
			defaultConfigurationIsVisible = 0;
			defaultConfigurationName = Release;
		};
		D2C0C1E7234C3253009B927F /* Build configuration list for PBXNativeTarget "FFDB-Demo" */ = {
			isa = XCConfigurationList;
			buildConfigurations = (
				D2C0C1E8234C3253009B927F /* Debug */,
				D2C0C1E9234C3253009B927F /* Release */,
			);
			defaultConfigurationIsVisible = 0;
			defaultConfigurationName = Release;
		};
		D2C0C1EA234C3253009B927F /* Build configuration list for PBXNativeTarget "FFDB-DemoTests" */ = {
			isa = XCConfigurationList;
			buildConfigurations = (
				D2C0C1EB234C3253009B927F /* Debug */,
				D2C0C1EC234C3253009B927F /* Release */,
			);
			defaultConfigurationIsVisible = 0;
			defaultConfigurationName = Release;
		};
		D2C0C1ED234C3253009B927F /* Build configuration list for PBXNativeTarget "FFDB-DemoUITests" */ = {
			isa = XCConfigurationList;
			buildConfigurations = (
				D2C0C1EE234C3253009B927F /* Debug */,
				D2C0C1EF234C3253009B927F /* Release */,
			);
			defaultConfigurationIsVisible = 0;
			defaultConfigurationName = Release;
		};
/* End XCConfigurationList section */
	};
	rootObject = D2C0C1B0234C324C009B927F /* Project object */;
}
